
Microsoft Visual Studio Solution File, Format Version 12.00
# Visual Studio 15
VisualStudioVersion = 15.0.27703.2042
MinimumVisualStudioVersion = 10.0.40219.1
Project("{00D1A9C2-B5F0-4AF3-8072-F6C62B433612}") = "SQL Server ML Services", "SQL Server ML Services.sqlproj", "{056D8F9E-DCB5-4D95-9CFA-FC7D8147BC74}"
EndProject
Global
	GlobalSection(SolutionConfigurationPlatforms) = preSolution
		Debug|Any CPU = Debug|Any CPU
		Release|Any CPU = Release|Any CPU
	EndGlobalSection
	GlobalSection(ProjectConfigurationPlatforms) = postSolution
		{056D8F9E-DCB5-4D95-9CFA-FC7D8147BC74}.Debug|Any CPU.ActiveCfg = Debug|Any CPU
		{056D8F9E-DCB5-4D95-9CFA-FC7D8147BC74}.Debug|Any CPU.Build.0 = Debug|Any CPU
		{056D8F9E-DCB5-4D95-9CFA-FC7D8147BC74}.Debug|Any CPU.Deploy.0 = Debug|Any CPU
		{056D8F9E-DCB5-4D95-9CFA-FC7D8147BC74}.Release|Any CPU.ActiveCfg = Release|Any CPU
		{056D8F9E-DCB5-4D95-9CFA-FC7D8147BC74}.Release|Any CPU.Build.0 = Release|Any CPU
		{056D8F9E-DCB5-4D95-9CFA-FC7D8147BC74}.Release|Any CPU.Deploy.0 = Release|Any CPU
	EndGlobalSection
	GlobalSection(SolutionProperties) = preSolution
		HideSolutionNode = FALSE
	EndGlobalSection
	GlobalSection(ExtensibilityGlobals) = postSolution
		SolutionGuid = {BAD3AE3D-A8E6-4589-B9B1-E44780344237}
	EndGlobalSection
EndGlobal
