
Microsoft Visual Studio Solution File, Format Version 12.00
# Visual Studio 15
VisualStudioVersion = 15.0.27703.2042
MinimumVisualStudioVersion = 10.0.40219.1
Project("{888888A0-9F3D-457C-B088-3A5042F75D52}") = "Python for Data Professionals", "Python for Data Professionals\Python for Data Professionals.pyproj", "{B7BAFEE5-B1F9-4942-B965-117A23FE690D}"
EndProject
Global
	GlobalSection(SolutionConfigurationPlatforms) = preSolution
		Debug|Any CPU = Debug|Any CPU
		Release|Any CPU = Release|Any CPU
	EndGlobalSection
	GlobalSection(ProjectConfigurationPlatforms) = postSolution
		{B7BAFEE5-B1F9-4942-B965-117A23FE690D}.Debug|Any CPU.ActiveCfg = Debug|Any CPU
		{B7BAFEE5-B1F9-4942-B965-117A23FE690D}.Release|Any CPU.ActiveCfg = Release|Any CPU
	EndGlobalSection
	GlobalSection(SolutionProperties) = preSolution
		HideSolutionNode = FALSE
	EndGlobalSection
	GlobalSection(ExtensibilityGlobals) = postSolution
		SolutionGuid = {0CD63BA1-0AC0-4B66-A9BC-582F1DF3FDFA}
	EndGlobalSection
EndGlobal
