
Microsoft Visual Studio Solution File, Format Version 12.00
# Visual Studio 15
VisualStudioVersion = 15.0.27703.2042
MinimumVisualStudioVersion = 10.0.40219.1
Project("{DA7A21FA-8162-4350-AD77-A8D1B671F3ED}") = "R for Data Professionals", "R for Data Professionals.rxproj", "{5CC7170E-F283-4DA9-BC51-37AE7C2FD1B8}"
EndProject
Global
	GlobalSection(SolutionConfigurationPlatforms) = preSolution
		Debug|Any CPU = Debug|Any CPU
		Release|Any CPU = Release|Any CPU
	EndGlobalSection
	GlobalSection(ProjectConfigurationPlatforms) = postSolution
		{5CC7170E-F283-4DA9-BC51-37AE7C2FD1B8}.Debug|Any CPU.ActiveCfg = Debug|Any CPU
		{5CC7170E-F283-4DA9-BC51-37AE7C2FD1B8}.Debug|Any CPU.Build.0 = Debug|Any CPU
		{5CC7170E-F283-4DA9-BC51-37AE7C2FD1B8}.Release|Any CPU.ActiveCfg = Release|Any CPU
		{5CC7170E-F283-4DA9-BC51-37AE7C2FD1B8}.Release|Any CPU.Build.0 = Release|Any CPU
	EndGlobalSection
	GlobalSection(SolutionProperties) = preSolution
		HideSolutionNode = FALSE
	EndGlobalSection
	GlobalSection(ExtensibilityGlobals) = postSolution
		SolutionGuid = {B42D878D-DE73-4CD1-A6BF-ADBFBE075BF9}
	EndGlobalSection
EndGlobal
